// !$*UTF8*$!
{
	archiveVersion = 1;
	classes = {
	};
	objectVersion = 50;
	objects = {

/* Begin PBXBuildFile section */
		4756810E2522E822000B4353 /* AppDelegate.swift in Sources */ = {isa = PBXBuildFile; fileRef = 4756810D2522E822000B4353 /* AppDelegate.swift */; };
		475681102522E822000B4353 /* SceneDelegate.swift in Sources */ = {isa = PBXBuildFile; fileRef = 4756810F2522E822000B4353 /* SceneDelegate.swift */; };
		475681172522E825000B4353 /* Assets.xcassets in Resources */ = {isa = PBXBuildFile; fileRef = 475681162522E825000B4353 /* Assets.xcassets */; };
		4756811A2522E825000B4353 /* LaunchScreen.storyboard in Resources */ = {isa = PBXBuildFile; fileRef = 475681182522E825000B4353 /* LaunchScreen.storyboard */; };
		475681262522E868000B4353 /* PageCell.swift in Sources */ = {isa = PBXBuildFile; fileRef = 475681212522E867000B4353 /* PageCell.swift */; };
		475681272522E868000B4353 /* SwipingController+UICollectionView.swift in Sources */ = {isa = PBXBuildFile; fileRef = 475681222522E867000B4353 /* SwipingController+UICollectionView.swift */; };
		475681282522E868000B4353 /* Page.swift in Sources */ = {isa = PBXBuildFile; fileRef = 475681232522E867000B4353 /* Page.swift */; };
		475681292522E868000B4353 /* SwipingController+extension.swift in Sources */ = {isa = PBXBuildFile; fileRef = 475681242522E867000B4353 /* SwipingController+extension.swift */; };
		4756812A2522E868000B4353 /* SwipingController.swift in Sources */ = {isa = PBXBuildFile; fileRef = 475681252522E868000B4353 /* SwipingController.swift */; };
/* End PBXBuildFile section */

/* Begin PBXFileReference section */
		4756810A2522E822000B4353 /* AutoLayout Tutorial.app */ = {isa = PBXFileReference; explicitFileType = wrapper.application; includeInIndex = 0; path = "AutoLayout Tutorial.app"; sourceTree = BUILT_PRODUCTS_DIR; };
		4756810D2522E822000B4353 /* AppDelegate.swift */ = {isa = PBXFileReference; lastKnownFileType = sourcecode.swift; path = AppDelegate.swift; sourceTree = "<group>"; };
		4756810F2522E822000B4353 /* SceneDelegate.swift */ = {isa = PBXFileReference; lastKnownFileType = sourcecode.swift; path = SceneDelegate.swift; sourceTree = "<group>"; };
		475681162522E825000B4353 /* Assets.xcassets */ = {isa = PBXFileReference; lastKnownFileType = folder.assetcatalog; path = Assets.xcassets; sourceTree = "<group>"; };
		475681192522E825000B4353 /* Base */ = {isa = PBXFileReference; lastKnownFileType = file.storyboard; name = Base; path = Base.lproj/LaunchScreen.storyboard; sourceTree = "<group>"; };
		4756811B2522E825000B4353 /* Info.plist */ = {isa = PBXFileReference; lastKnownFileType = text.plist.xml; path = Info.plist; sourceTree = "<group>"; };
		475681212522E867000B4353 /* PageCell.swift */ = {isa = PBXFileReference; fileEncoding = 4; lastKnownFileType = sourcecode.swift; path = PageCell.swift; sourceTree = "<group>"; };
		475681222522E867000B4353 /* SwipingController+UICollectionView.swift */ = {isa = PBXFileReference; fileEncoding = 4; lastKnownFileType = sourcecode.swift; path = "SwipingController+UICollectionView.swift"; sourceTree = "<group>"; };
		475681232522E867000B4353 /* Page.swift */ = {isa = PBXFileReference; fileEncoding = 4; lastKnownFileType = sourcecode.swift; path = Page.swift; sourceTree = "<group>"; };
		475681242522E867000B4353 /* SwipingController+extension.swift */ = {isa = PBXFileReference; fileEncoding = 4; lastKnownFileType = sourcecode.swift; path = "SwipingController+extension.swift"; sourceTree = "<group>"; };
		475681252522E868000B4353 /* SwipingController.swift */ = {isa = PBXFileReference; fileEncoding = 4; lastKnownFileType = sourcecode.swift; path = SwipingController.swift; sourceTree = "<group>"; };
/* End PBXFileReference section */

/* Begin PBXFrameworksBuildPhase section */
		475681072522E822000B4353 /* Frameworks */ = {
			isa = PBXFrameworksBuildPhase;
			buildActionMask = 2147483647;
			files = (
			);
			runOnlyForDeploymentPostprocessing = 0;
		};
/* End PBXFrameworksBuildPhase section */

/* Begin PBXGroup section */
		475681012522E822000B4353 = {
			isa = PBXGroup;
			children = (
				4756810C2522E822000B4353 /* AutoLayout Tutorial */,
				4756810B2522E822000B4353 /* Products */,
			);
			sourceTree = "<group>";
		};
		4756810B2522E822000B4353 /* Products */ = {
			isa = PBXGroup;
			children = (
				4756810A2522E822000B4353 /* AutoLayout Tutorial.app */,
			);
			name = Products;
			sourceTree = "<group>";
		};
		4756810C2522E822000B4353 /* AutoLayout Tutorial */ = {
			isa = PBXGroup;
			children = (
				4756810D2522E822000B4353 /* AppDelegate.swift */,
				4756810F2522E822000B4353 /* SceneDelegate.swift */,
				475681252522E868000B4353 /* SwipingController.swift */,
				475681212522E867000B4353 /* PageCell.swift */,
				475681232522E867000B4353 /* Page.swift */,
				475681242522E867000B4353 /* SwipingController+extension.swift */,
				475681222522E867000B4353 /* SwipingController+UICollectionView.swift */,
				475681162522E825000B4353 /* Assets.xcassets */,
				475681182522E825000B4353 /* LaunchScreen.storyboard */,
				4756811B2522E825000B4353 /* Info.plist */,
			);
			path = "AutoLayout Tutorial";
			sourceTree = "<group>";
		};
/* End PBXGroup section */

/* Begin PBXNativeTarget section */
		475681092522E822000B4353 /* AutoLayout Tutorial */ = {
			isa = PBXNativeTarget;
			buildConfigurationList = 4756811E2522E825000B4353 /* Build configuration list for PBXNativeTarget "AutoLayout Tutorial" */;
			buildPhases = (
				475681062522E822000B4353 /* Sources */,
				475681072522E822000B4353 /* Frameworks */,
				475681082522E822000B4353 /* Resources */,
			);
			buildRules = (
			);
			dependencies = (
			);
			name = "AutoLayout Tutorial";
			productName = "AutoLayout Tutorial";
			productReference = 4756810A2522E822000B4353 /* AutoLayout Tutorial.app */;
			productType = "com.apple.product-type.application";
		};
/* End PBXNativeTarget section */

/* Begin PBXProject section */
		475681022522E822000B4353 /* Project object */ = {
			isa = PBXProject;
			attributes = {
				LastSwiftUpdateCheck = 1170;
				LastUpgradeCheck = 1170;
				ORGANIZATIONNAME = Totan23;
				TargetAttributes = {
					475681092522E822000B4353 = {
						CreatedOnToolsVersion = 11.7;
					};
				};
			};
			buildConfigurationList = 475681052522E822000B4353 /* Build configuration list for PBXProject "AutoLayout Tutorial" */;
			compatibilityVersion = "Xcode 9.3";
			developmentRegion = en;
			hasScannedForEncodings = 0;
			knownRegions = (
				en,
				Base,
			);
			mainGroup = 475681012522E822000B4353;
			productRefGroup = 4756810B2522E822000B4353 /* Products */;
			projectDirPath = "";
			projectRoot = "";
			targets = (
				475681092522E822000B4353 /* AutoLayout Tutorial */,
			);
		};
/* End PBXProject section */

/* Begin PBXResourcesBuildPhase section */
		475681082522E822000B4353 /* Resources */ = {
			isa = PBXResourcesBuildPhase;
			buildActionMask = 2147483647;
			files = (
				4756811A2522E825000B4353 /* LaunchScreen.storyboard in Resources */,
				475681172522E825000B4353 /* Assets.xcassets in Resources */,
			);
			runOnlyForDeploymentPostprocessing = 0;
		};
/* End PBXResourcesBuildPhase section */

/* Begin PBXSourcesBuildPhase section */
		475681062522E822000B4353 /* Sources */ = {
			isa = PBXSourcesBuildPhase;
			buildActionMask = 2147483647;
			files = (
				475681272522E868000B4353 /* SwipingController+UICollectionView.swift in Sources */,
				4756810E2522E822000B4353 /* AppDelegate.swift in Sources */,
				4756812A2522E868000B4353 /* SwipingController.swift in Sources */,
				475681102522E822000B4353 /* SceneDelegate.swift in Sources */,
				475681262522E868000B4353 /* PageCell.swift in Sources */,
				475681282522E868000B4353 /* Page.swift in Sources */,
				475681292522E868000B4353 /* SwipingController+extension.swift in Sources */,
			);
			runOnlyForDeploymentPostprocessing = 0;
		};
/* End PBXSourcesBuildPhase section */

/* Begin PBXVariantGroup section */
		475681182522E825000B4353 /* LaunchScreen.storyboard */ = {
			isa = PBXVariantGroup;
			children = (
				475681192522E825000B4353 /* Base */,
			);
			name = LaunchScreen.storyboard;
			sourceTree = "<group>";
		};
/* End PBXVariantGroup section */

/* Begin XCBuildConfiguration section */
		4756811C2522E825000B4353 /* Debug */ = {
			isa = XCBuildConfiguration;
			buildSettings = {
				ALWAYS_SEARCH_USER_PATHS = NO;
				CLANG_ANALYZER_NONNULL = YES;
				CLANG_ANALYZER_NUMBER_OBJECT_CONVERSION = YES_AGGRESSIVE;
				CLANG_CXX_LANGUAGE_STANDARD = "gnu++14";
				CLANG_CXX_LIBRARY = "libc++";
				CLANG_ENABLE_MODULES = YES;
				CLANG_ENABLE_OBJC_ARC = YES;
				CLANG_ENABLE_OBJC_WEAK = YES;
				CLANG_WARN_BLOCK_CAPTURE_AUTORELEASING = YES;
				CLANG_WARN_BOOL_CONVERSION = YES;
				CLANG_WARN_COMMA = YES;
				CLANG_WARN_CONSTANT_CONVERSION = YES;
				CLANG_WARN_DEPRECATED_OBJC_IMPLEMENTATIONS = YES;
				CLANG_WARN_DIRECT_OBJC_ISA_USAGE = YES_ERROR;
				CLANG_WARN_DOCUMENTATION_COMMENTS = YES;
				CLANG_WARN_EMPTY_BODY = YES;
				CLANG_WARN_ENUM_CONVERSION = YES;
				CLANG_WARN_INFINITE_RECURSION = YES;
				CLANG_WARN_INT_CONVERSION = YES;
				CLANG_WARN_NON_LITERAL_NULL_CONVERSION = YES;
				CLANG_WARN_OBJC_IMPLICIT_RETAIN_SELF = YES;
				CLANG_WARN_OBJC_LITERAL_CONVERSION = YES;
				CLANG_WARN_OBJC_ROOT_CLASS = YES_ERROR;
				CLANG_WARN_RANGE_LOOP_ANALYSIS = YES;
				CLANG_WARN_STRICT_PROTOTYPES = YES;
				CLANG_WARN_SUSPICIOUS_MOVE = YES;
				CLANG_WARN_UNGUARDED_AVAILABILITY = YES_AGGRESSIVE;
				CLANG_WARN_UNREACHABLE_CODE = YES;
				CLANG_WARN__DUPLICATE_METHOD_MATCH = YES;
				COPY_PHASE_STRIP = NO;
				DEBUG_INFORMATION_FORMAT = dwarf;
				ENABLE_STRICT_OBJC_MSGSEND = YES;
				ENABLE_TESTABILITY = YES;
				GCC_C_LANGUAGE_STANDARD = gnu11;
				GCC_DYNAMIC_NO_PIC = NO;
				GCC_NO_COMMON_BLOCKS = YES;
				GCC_OPTIMIZATION_LEVEL = 0;
				GCC_PREPROCESSOR_DEFINITIONS = (
					"DEBUG=1",
					"$(inherited)",
				);
				GCC_WARN_64_TO_32_BIT_CONVERSION = YES;
				GCC_WARN_ABOUT_RETURN_TYPE = YES_ERROR;
				GCC_WARN_UNDECLARED_SELECTOR = YES;
				GCC_WARN_UNINITIALIZED_AUTOS = YES_AGGRESSIVE;
				GCC_WARN_UNUSED_FUNCTION = YES;
				GCC_WARN_UNUSED_VARIABLE = YES;
				IPHONEOS_DEPLOYMENT_TARGET = 13.7;
				MTL_ENABLE_DEBUG_INFO = INCLUDE_SOURCE;
				MTL_FAST_MATH = YES;
				ONLY_ACTIVE_ARCH = YES;
				SDKROOT = iphoneos;
				SWIFT_ACTIVE_COMPILATION_CONDITIONS = DEBUG;
				SWIFT_OPTIMIZATION_LEVEL = "-Onone";
			};
			name = Debug;
		};
		4756811D2522E825000B4353 /* Release */ = {
			isa = XCBuildConfiguration;
			buildSettings = {
				ALWAYS_SEARCH_USER_PATHS = NO;
				CLANG_ANALYZER_NONNULL = YES;
				CLANG_ANALYZER_NUMBER_OBJECT_CONVERSION = YES_AGGRESSIVE;
				CLANG_CXX_LANGUAGE_STANDARD = "gnu++14";
				CLANG_CXX_LIBRARY = "libc++";
				CLANG_ENABLE_MODULES = YES;
				CLANG_ENABLE_OBJC_ARC = YES;
				CLANG_ENABLE_OBJC_WEAK = YES;
				CLANG_WARN_BLOCK_CAPTURE_AUTORELEASING = YES;
				CLANG_WARN_BOOL_CONVERSION = YES;
				CLANG_WARN_COMMA = YES;
				CLANG_WARN_CONSTANT_CONVERSION = YES;
				CLANG_WARN_DEPRECATED_OBJC_IMPLEMENTATIONS = YES;
				CLANG_WARN_DIRECT_OBJC_ISA_USAGE = YES_ERROR;
				CLANG_WARN_DOCUMENTATION_COMMENTS = YES;
				CLANG_WARN_EMPTY_BODY = YES;
				CLANG_WARN_ENUM_CONVERSION = YES;
				CLANG_WARN_INFINITE_RECURSION = YES;
				CLANG_WARN_INT_CONVERSION = YES;
				CLANG_WARN_NON_LITERAL_NULL_CONVERSION = YES;
				CLANG_WARN_OBJC_IMPLICIT_RETAIN_SELF = YES;
				CLANG_WARN_OBJC_LITERAL_CONVERSION = YES;
				CLANG_WARN_OBJC_ROOT_CLASS = YES_ERROR;
				CLANG_WARN_RANGE_LOOP_ANALYSIS = YES;
				CLANG_WARN_STRICT_PROTOTYPES = YES;
				CLANG_WARN_SUSPICIOUS_MOVE = YES;
				CLANG_WARN_UNGUARDED_AVAILABILITY = YES_AGGRESSIVE;
				CLANG_WARN_UNREACHABLE_CODE = YES;
				CLANG_WARN__DUPLICATE_METHOD_MATCH = YES;
				COPY_PHASE_STRIP = NO;
				DEBUG_INFORMATION_FORMAT = "dwarf-with-dsym";
				ENABLE_NS_ASSERTIONS = NO;
				ENABLE_STRICT_OBJC_MSGSEND = YES;
				GCC_C_LANGUAGE_STANDARD = gnu11;
				GCC_NO_COMMON_BLOCKS = YES;
				GCC_WARN_64_TO_32_BIT_CONVERSION = YES;
				GCC_WARN_ABOUT_RETURN_TYPE = YES_ERROR;
				GCC_WARN_UNDECLARED_SELECTOR = YES;
				GCC_WARN_UNINITIALIZED_AUTOS = YES_AGGRESSIVE;
				GCC_WARN_UNUSED_FUNCTION = YES;
				GCC_WARN_UNUSED_VARIABLE = YES;
				IPHONEOS_DEPLOYMENT_TARGET = 13.7;
				MTL_ENABLE_DEBUG_INFO = NO;
				MTL_FAST_MATH = YES;
				SDKROOT = iphoneos;
				SWIFT_COMPILATION_MODE = wholemodule;
				SWIFT_OPTIMIZATION_LEVEL = "-O";
				VALIDATE_PRODUCT = YES;
			};
			name = Release;
		};
		4756811F2522E825000B4353 /* Debug */ = {
			isa = XCBuildConfiguration;
			buildSettings = {
				ASSETCATALOG_COMPILER_APPICON_NAME = AppIcon;
				CODE_SIGN_STYLE = Automatic;
				DEVELOPMENT_TEAM = ZH4D2PL4R4;
				INFOPLIST_FILE = "AutoLayout Tutorial/Info.plist";
				LD_RUNPATH_SEARCH_PATHS = (
					"$(inherited)",
					"@executable_path/Frameworks",
				);
				PRODUCT_BUNDLE_IDENTIFIER = "Totan23.AutoLayout-Tutorial";
				PRODUCT_NAME = "$(TARGET_NAME)";
				SWIFT_VERSION = 5.0;
				TARGETED_DEVICE_FAMILY = 1;
			};
			name = Debug;
		};
		475681202522E825000B4353 /* Release */ = {
			isa = XCBuildConfiguration;
			buildSettings = {
				ASSETCATALOG_COMPILER_APPICON_NAME = AppIcon;
				CODE_SIGN_STYLE = Automatic;
				DEVELOPMENT_TEAM = ZH4D2PL4R4;
				INFOPLIST_FILE = "AutoLayout Tutorial/Info.plist";
				LD_RUNPATH_SEARCH_PATHS = (
					"$(inherited)",
					"@executable_path/Frameworks",
				);
				PRODUCT_BUNDLE_IDENTIFIER = "Totan23.AutoLayout-Tutorial";
				PRODUCT_NAME = "$(TARGET_NAME)";
				SWIFT_VERSION = 5.0;
				TARGETED_DEVICE_FAMILY = 1;
			};
			name = Release;
		};
/* End XCBuildConfiguration section */

/* Begin XCConfigurationList section */
		475681052522E822000B4353 /* Build configuration list for PBXProject "AutoLayout Tutorial" */ = {
			isa = XCConfigurationList;
			buildConfigurations = (
				4756811C2522E825000B4353 /* Debug */,
				4756811D2522E825000B4353 /* Release */,
			);
			defaultConfigurationIsVisible = 0;
			defaultConfigurationName = Release;
		};
		4756811E2522E825000B4353 /* Build configuration list for PBXNativeTarget "AutoLayout Tutorial" */ = {
			isa = XCConfigurationList;
			buildConfigurations = (
				4756811F2522E825000B4353 /* Debug */,
				475681202522E825000B4353 /* Release */,
			);
			defaultConfigurationIsVisible = 0;
			defaultConfigurationName = Release;
		};
/* End XCConfigurationList section */
	};
	rootObject = 475681022522E822000B4353 /* Project object */;
}
